
Microsoft Visual Studio Solution File, Format Version 12.00
# Visual Studio Version 17
VisualStudioVersion = 17.1.32210.238
MinimumVisualStudioVersion = 10.0.40219.1
Project("{FAE04EC0-301F-11D3-BF4B-00C04F79EFBC}") = "SQL_Diag", "SQL_Diag\SQL_Diag.csproj", "{9F65DC3E-C4DA-485F-B0E2-2F387CCEED10}"
EndProject
Global
	GlobalSection(SolutionConfigurationPlatforms) = preSolution
		Debug|Any CPU = Debug|Any CPU
		Release|Any CPU = Release|Any CPU
	EndGlobalSection
	GlobalSection(ProjectConfigurationPlatforms) = postSolution
		{9F65DC3E-C4DA-485F-B0E2-2F387CCEED10}.Debug|Any CPU.ActiveCfg = Debug|Any CPU
		{9F65DC3E-C4DA-485F-B0E2-2F387CCEED10}.Debug|Any CPU.Build.0 = Debug|Any CPU
		{9F65DC3E-C4DA-485F-B0E2-2F387CCEED10}.Release|Any CPU.ActiveCfg = Release|Any CPU
		{9F65DC3E-C4DA-485F-B0E2-2F387CCEED10}.Release|Any CPU.Build.0 = Release|Any CPU
	EndGlobalSection
	GlobalSection(SolutionProperties) = preSolution
		HideSolutionNode = FALSE
	EndGlobalSection
	GlobalSection(ExtensibilityGlobals) = postSolution
		SolutionGuid = {046FF1DD-0E3E-4D7B-9E47-F4FD53F7BCEA}
	EndGlobalSection
EndGlobal
